
Microsoft Visual Studio Solution File, Format Version 12.00
# Visual Studio 14
VisualStudioVersion = 14.0.25420.1
MinimumVisualStudioVersion = 10.0.40219.1
Project("{2150E333-8FDC-42A3-9474-1A3956D46DE8}") = "Applications", "Applications", "{5DA1DF11-688B-4988-8C1D-7B9CF6902F02}"
EndProject
Project("{2150E333-8FDC-42A3-9474-1A3956D46DE8}") = "Libraries", "Libraries", "{8026C1F5-545A-4DC4-81E0-16631FA3E7AB}"
EndProject
Project("{FAE04EC0-301F-11D3-BF4B-00C04F79EFBC}") = "LiteCommerce.Admin", "LiteCommerce.Admin\LiteCommerce.Admin.csproj", "{53F4B419-6F29-4ABC-840C-17F8ECE54215}"
EndProject
Project("{FAE04EC0-301F-11D3-BF4B-00C04F79EFBC}") = "Litecommerce.DomainModels", "Litecommerce.DomainModels\Litecommerce.DomainModels.csproj", "{45A1E74E-7267-4FF4-9E6A-3A26E5ECBE78}"
EndProject
Project("{FAE04EC0-301F-11D3-BF4B-00C04F79EFBC}") = "LiteCommerce.DataLayers", "LiteCommerce.DataLayers\LiteCommerce.DataLayers.csproj", "{37C7D522-B595-4EC7-B1A1-FCD3E44E9B67}"
EndProject
Project("{FAE04EC0-301F-11D3-BF4B-00C04F79EFBC}") = "LiteCommerce.BusinessLayers", "LiteCommerce.BusinessLayers\LiteCommerce.BusinessLayers.csproj", "{EF5E42CA-59A1-4A98-920C-353FCF3CD289}"
EndProject
Global
	GlobalSection(SolutionConfigurationPlatforms) = preSolution
		Debug|Any CPU = Debug|Any CPU
		Release|Any CPU = Release|Any CPU
	EndGlobalSection
	GlobalSection(ProjectConfigurationPlatforms) = postSolution
		{53F4B419-6F29-4ABC-840C-17F8ECE54215}.Debug|Any CPU.ActiveCfg = Debug|Any CPU
		{53F4B419-6F29-4ABC-840C-17F8ECE54215}.Debug|Any CPU.Build.0 = Debug|Any CPU
		{53F4B419-6F29-4ABC-840C-17F8ECE54215}.Release|Any CPU.ActiveCfg = Release|Any CPU
		{53F4B419-6F29-4ABC-840C-17F8ECE54215}.Release|Any CPU.Build.0 = Release|Any CPU
		{45A1E74E-7267-4FF4-9E6A-3A26E5ECBE78}.Debug|Any CPU.ActiveCfg = Debug|Any CPU
		{45A1E74E-7267-4FF4-9E6A-3A26E5ECBE78}.Debug|Any CPU.Build.0 = Debug|Any CPU
		{45A1E74E-7267-4FF4-9E6A-3A26E5ECBE78}.Release|Any CPU.ActiveCfg = Release|Any CPU
		{45A1E74E-7267-4FF4-9E6A-3A26E5ECBE78}.Release|Any CPU.Build.0 = Release|Any CPU
		{37C7D522-B595-4EC7-B1A1-FCD3E44E9B67}.Debug|Any CPU.ActiveCfg = Debug|Any CPU
		{37C7D522-B595-4EC7-B1A1-FCD3E44E9B67}.Debug|Any CPU.Build.0 = Debug|Any CPU
		{37C7D522-B595-4EC7-B1A1-FCD3E44E9B67}.Release|Any CPU.ActiveCfg = Release|Any CPU
		{37C7D522-B595-4EC7-B1A1-FCD3E44E9B67}.Release|Any CPU.Build.0 = Release|Any CPU
		{EF5E42CA-59A1-4A98-920C-353FCF3CD289}.Debug|Any CPU.ActiveCfg = Debug|Any CPU
		{EF5E42CA-59A1-4A98-920C-353FCF3CD289}.Debug|Any CPU.Build.0 = Debug|Any CPU
		{EF5E42CA-59A1-4A98-920C-353FCF3CD289}.Release|Any CPU.ActiveCfg = Release|Any CPU
		{EF5E42CA-59A1-4A98-920C-353FCF3CD289}.Release|Any CPU.Build.0 = Release|Any CPU
	EndGlobalSection
	GlobalSection(SolutionProperties) = preSolution
		HideSolutionNode = FALSE
	EndGlobalSection
	GlobalSection(NestedProjects) = preSolution
		{53F4B419-6F29-4ABC-840C-17F8ECE54215} = {5DA1DF11-688B-4988-8C1D-7B9CF6902F02}
		{45A1E74E-7267-4FF4-9E6A-3A26E5ECBE78} = {8026C1F5-545A-4DC4-81E0-16631FA3E7AB}
		{37C7D522-B595-4EC7-B1A1-FCD3E44E9B67} = {8026C1F5-545A-4DC4-81E0-16631FA3E7AB}
		{EF5E42CA-59A1-4A98-920C-353FCF3CD289} = {8026C1F5-545A-4DC4-81E0-16631FA3E7AB}
	EndGlobalSection
EndGlobal
